
Microsoft Visual Studio Solution File, Format Version 12.00
# Visual Studio Version 17
VisualStudioVersion = 17.4.33122.133
MinimumVisualStudioVersion = 10.0.40219.1
Project("{9A19103F-16F7-4668-BE54-9A1E7A4F7556}") = "MessageBoardClassLibrary", "MessageBoardClassLibrary\MessageBoardClassLibrary.csproj", "{28BB1DD9-9AFD-4D64-B04D-FE2B2D220C57}"
EndProject
Project("{9A19103F-16F7-4668-BE54-9A1E7A4F7556}") = "AdminPortal", "AdminPortal\AdminPortal.csproj", "{21D12FE0-1903-4AF3-A345-E24B6E94BBF0}"
EndProject
Project("{9A19103F-16F7-4668-BE54-9A1E7A4F7556}") = "DummyProject", "DummyProject\DummyProject.csproj", "{240D884B-9F99-49A4-B72F-228C83891802}"
EndProject
Global
	GlobalSection(SolutionConfigurationPlatforms) = preSolution
		Debug|Any CPU = Debug|Any CPU
		Release|Any CPU = Release|Any CPU
	EndGlobalSection
	GlobalSection(ProjectConfigurationPlatforms) = postSolution
		{28BB1DD9-9AFD-4D64-B04D-FE2B2D220C57}.Debug|Any CPU.ActiveCfg = Debug|Any CPU
		{28BB1DD9-9AFD-4D64-B04D-FE2B2D220C57}.Debug|Any CPU.Build.0 = Debug|Any CPU
		{28BB1DD9-9AFD-4D64-B04D-FE2B2D220C57}.Release|Any CPU.ActiveCfg = Release|Any CPU
		{28BB1DD9-9AFD-4D64-B04D-FE2B2D220C57}.Release|Any CPU.Build.0 = Release|Any CPU
		{21D12FE0-1903-4AF3-A345-E24B6E94BBF0}.Debug|Any CPU.ActiveCfg = Debug|Any CPU
		{21D12FE0-1903-4AF3-A345-E24B6E94BBF0}.Debug|Any CPU.Build.0 = Debug|Any CPU
		{21D12FE0-1903-4AF3-A345-E24B6E94BBF0}.Release|Any CPU.ActiveCfg = Release|Any CPU
		{21D12FE0-1903-4AF3-A345-E24B6E94BBF0}.Release|Any CPU.Build.0 = Release|Any CPU
		{240D884B-9F99-49A4-B72F-228C83891802}.Debug|Any CPU.ActiveCfg = Debug|Any CPU
		{240D884B-9F99-49A4-B72F-228C83891802}.Debug|Any CPU.Build.0 = Debug|Any CPU
		{240D884B-9F99-49A4-B72F-228C83891802}.Release|Any CPU.ActiveCfg = Release|Any CPU
		{240D884B-9F99-49A4-B72F-228C83891802}.Release|Any CPU.Build.0 = Release|Any CPU
	EndGlobalSection
	GlobalSection(SolutionProperties) = preSolution
		HideSolutionNode = FALSE
	EndGlobalSection
	GlobalSection(ExtensibilityGlobals) = postSolution
		SolutionGuid = {75661EE6-CF13-478D-9B14-779CF8320B03}
	EndGlobalSection
EndGlobal
